<?xml version="1.0" encoding="utf-8"?>
<Project ToolsVersion="4.0" xmlns="http://schemas.microsoft.com/developer/msbuild/2003">
  <ItemGroup>
    <Filter Include="gui">
      <UniqueIdentifier>{02d5815b-219f-4b0b-964c-b6d5fdbe462c}</UniqueIdentifier>
    </Filter>
    <Filter Include="gui\header">
      <UniqueIdentifier>{28ca0a0e-3d4a-41df-bb31-e272bdd08f2a}</UniqueIdentifier>
    </Filter>
    <Filter Include="gui\source">
      <UniqueIdentifier>{d85c348d-31da-4d96-a145-18de4a909c07}</UniqueIdentifier>
    </Filter>
    <Filter Include="gui\ui">
      <UniqueIdentifier>{108882dd-7b94-41fb-b9b8-66da36bd03d9}</UniqueIdentifier>
    </Filter>
    <Filter Include="utils">
      <UniqueIdentifier>{be27ea5c-e556-4343-944a-ecb6b8218509}</UniqueIdentifier>
    </Filter>
    <Filter Include="utils\header">
      <UniqueIdentifier>{70a5ff1b-35e9-446c-8178-4553307773ae}</UniqueIdentifier>
    </Filter>
    <Filter Include="utils\source">
      <UniqueIdentifier>{fcc51be1-0785-499b-91b6-7b6487b25302}</UniqueIdentifier>
    </Filter>
    <Filter Include="thumbnails">
      <UniqueIdentifier>{1d998b0f-e0d4-4297-b568-327301e03f1f}</UniqueIdentifier>
    </Filter>
    <Filter Include="thumbnails\header">
      <UniqueIdentifier>{f83c3a30-c235-4eb2-a7dc-3cb5c55b7e4c}</UniqueIdentifier>
    </Filter>
    <Filter Include="thumbnails\source">
      <UniqueIdentifier>{d786bbcc-eaab-4df5-a1db-f9aff3a27e45}</UniqueIdentifier>
    </Filter>
    <Filter Include="thumbnails\ui">
      <UniqueIdentifier>{3de345bd-fae1-49e4-be21-5036e9905694}</UniqueIdentifier>
    </Filter>
    <Filter Include="qt_widgets">
      <UniqueIdentifier>{39116922-17e6-4320-81a5-e441bd887a20}</UniqueIdentifier>
    </Filter>
    <Filter Include="qt_widgets\header">
      <UniqueIdentifier>{bf5d5a14-8dc9-4616-aeec-e9079513215c}</UniqueIdentifier>
    </Filter>
    <Filter Include="qt_widgets\source">
      <UniqueIdentifier>{245293c8-ded2-4751-97f0-dbde94790f32}</UniqueIdentifier>
    </Filter>
    <Filter Include="qt_widgets\ui">
      <UniqueIdentifier>{9a3584f7-ea26-48ef-a0b7-64b47c757240}</UniqueIdentifier>
    </Filter>
    <Filter Include="vtk_widgets">
      <UniqueIdentifier>{2ddc55ea-cf7c-4ed6-8ff0-690080761e0f}</UniqueIdentifier>
    </Filter>
    <Filter Include="vtk_widgets\header">
      <UniqueIdentifier>{9477cc57-0b40-4bcd-89c6-e294cc20caa8}</UniqueIdentifier>
    </Filter>
    <Filter Include="vtk_widgets\source">
      <UniqueIdentifier>{efcd1de1-903a-4fc3-a6ba-3f7c73aefb90}</UniqueIdentifier>
    </Filter>
    <Filter Include="widgets_controller">
      <UniqueIdentifier>{1ffd0dff-7da2-40b2-b732-e8836adb23b2}</UniqueIdentifier>
    </Filter>
    <Filter Include="widgets_repository">
      <UniqueIdentifier>{0705d6fc-0002-4c54-91af-9786af597d82}</UniqueIdentifier>
    </Filter>
    <Filter Include="widgets_repository\header">
      <UniqueIdentifier>{27e22960-e1b7-4d32-ad82-fe59a5ded2c3}</UniqueIdentifier>
    </Filter>
    <Filter Include="widgets_repository\source">
      <UniqueIdentifier>{deb671c3-cd30-45f6-b267-5fc4a0cff43d}</UniqueIdentifier>
    </Filter>
    <Filter Include="widgets_controller\header">
      <UniqueIdentifier>{e970fdf0-5941-4736-ad63-25a3e7022481}</UniqueIdentifier>
    </Filter>
    <Filter Include="widgets_controller\source">
      <UniqueIdentifier>{506c58b3-bcca-4957-93a1-35512ff24941}</UniqueIdentifier>
    </Filter>
    <Filter Include="resources">
      <UniqueIdentifier>{D9D6E242-F8AF-46E4-B9FD-80ECBC20BA3E}</UniqueIdentifier>
      <Extensions>qrc;*</Extensions>
      <ParseFiles>false</ParseFiles>
    </Filter>
    <Filter Include="Header Files">
      <UniqueIdentifier>{93995380-89BD-4b04-88EB-625FBE52EBFB}</UniqueIdentifier>
      <Extensions>h;hh;hpp;hxx;hm;inl;inc;xsd</Extensions>
      <ParseFiles>true</ParseFiles>
    </Filter>
    <Filter Include="Source Files">
      <UniqueIdentifier>{4FC737F1-C7A5-4376-A066-2A32D752A2FF}</UniqueIdentifier>
      <Extensions>cpp;c;cc;cxx;def;odl;idl;hpj;bat;asm;asmx</Extensions>
      <ParseFiles>true</ParseFiles>
    </Filter>
    <Filter Include="Form Files">
      <UniqueIdentifier>{99349809-55BA-4b9d-BF79-8FDBB0286EB3}</UniqueIdentifier>
      <Extensions>ui</Extensions>
      <ParseFiles>true</ParseFiles>
    </Filter>
  </ItemGroup>
  <ItemGroup>
    <ClCompile Include="main.cpp" />
    <ClCompile Include="gui.cpp">
      <Filter>gui\source</Filter>
    </ClCompile>
    <ClCompile Include="layoutmenu.cpp">
      <Filter>gui\source</Filter>
    </ClCompile>
    <ClCompile Include="filesimporter.cpp">
      <Filter>utils\source</Filter>
    </ClCompile>
    <ClCompile Include="vtkeventfilter.cpp">
      <Filter>utils\source</Filter>
    </ClCompile>
    <ClCompile Include="patienttab.cpp">
      <Filter>thumbnails\source</Filter>
    </ClCompile>
    <ClCompile Include="studylist.cpp">
      <Filter>thumbnails\source</Filter>
    </ClCompile>
    <ClCompile Include="thumbnailswidget.cpp">
      <Filter>thumbnails\source</Filter>
    </ClCompile>
    <ClCompile Include="tabwidget.cpp">
      <Filter>qt_widgets\source</Filter>
    </ClCompile>
    <ClCompile Include="widget2d.cpp">
      <Filter>qt_widgets\source</Filter>
    </ClCompile>
    <ClCompile Include="widgetbase.cpp">
      <Filter>qt_widgets\source</Filter>
    </ClCompile>
    <ClCompile Include="widgetsrepository.cpp">
      <Filter>widgets_repository\source</Filter>
    </ClCompile>
    <ClCompile Include="widgetscontroller.cpp">
      <Filter>widgets_controller\source</Filter>
    </ClCompile>
    <ClCompile Include="widgetscontainer.cpp">
      <Filter>gui\source</Filter>
    </ClCompile>
    <ClCompile Include="vtkwidgetbase.cpp">
      <Filter>vtk_widgets\source</Filter>
    </ClCompile>
    <ClCompile Include="windowlevelfilter.cpp">
      <Filter>utils\source</Filter>
    </ClCompile>
    <ClCompile Include="vtkwidgetdicom.cpp">
      <Filter>vtk_widgets\source</Filter>
    </ClCompile>
    <ClCompile Include="vtkwidget2d.cpp">
      <Filter>vtk_widgets\source</Filter>
    </ClCompile>
    <ClCompile Include="vtkwidgetoverlay.cpp">
      <Filter>vtk_widgets\source</Filter>
    </ClCompile>
    <ClCompile Include="corneroverlay.cpp">
      <Filter>utils\source</Filter>
    </ClCompile>
    <ClCompile Include="overlayinfo.cpp">
      <Filter>utils\source</Filter>
    </ClCompile>
    <ClCompile Include="vtkwidgetoverlaycallback.cpp">
      <Filter>vtk_widgets\source</Filter>
    </ClCompile>
    <ClCompile Include="vtkwidget2dinteractorstyle.cpp">
      <Filter>vtk_widgets\source</Filter>
    </ClCompile>
    <ClCompile Include="guiframe.cpp">
      <Filter>gui\source</Filter>
    </ClCompile>
    <ClCompile Include="framelesswindow.cpp">
      <Filter>gui\source</Filter>
    </ClCompile>
    <ClCompile Include="filemenu.cpp">
      <Filter>gui\source</Filter>
    </ClCompile>
    <ClCompile Include="loadinganimation.cpp">
      <Filter>gui\source</Filter>
    </ClCompile>
    <ClCompile Include="vtkwidget3dinteractorstyle.cpp">
      <Filter>vtk_widgets\source</Filter>
    </ClCompile>
    <ClCompile Include="transferfunction.cpp">
      <Filter>utils\source</Filter>
    </ClCompile>
    <ClCompile Include="vtkwidget3d.cpp">
      <Filter>vtk_widgets\source</Filter>
    </ClCompile>
    <ClCompile Include="vtkboxwidget3dcallbackcpp.cpp">
      <Filter>vtk_widgets\source</Filter>
    </ClCompile>
    <ClCompile Include="widget3d.cpp">
      <Filter>qt_widgets\source</Filter>
    </ClCompile>
    <ClCompile Include="toolbarwidget3d.cpp">
      <Filter>qt_widgets\source</Filter>
    </ClCompile>
    <ClCompile Include="vtkresliceactor.cpp">
      <Filter>vtk_widgets\source</Filter>
    </ClCompile>
    <ClCompile Include="vtkreslicecallback.cpp">
      <Filter>vtk_widgets\source</Filter>
    </ClCompile>
    <ClCompile Include="vtkresliceplanecursorwidget.cpp">
      <Filter>vtk_widgets\source</Filter>
    </ClCompile>
    <ClCompile Include="vtkreslicerotator.cpp">
      <Filter>vtk_widgets\source</Filter>
    </ClCompile>
    <ClCompile Include="vtkreslicetranslator.cpp">
      <Filter>vtk_widgets\source</Filter>
    </ClCompile>
    <ClCompile Include="vtkreslicewidget.cpp">
      <Filter>vtk_widgets\source</Filter>
    </ClCompile>
    <ClCompile Include="vtkreslicewidgetrepresentation.cpp">
      <Filter>vtk_widgets\source</Filter>
    </ClCompile>
    <ClCompile Include="vtkwidgetmpr.cpp">
      <Filter>vtk_widgets\source</Filter>
    </ClCompile>
    <ClCompile Include="vtkwidgetmprcallback.cpp">
      <Filter>vtk_widgets\source</Filter>
    </ClCompile>
    <ClCompile Include="vtkwidgetmprinteractorstyle.cpp">
      <Filter>vtk_widgets\source</Filter>
    </ClCompile>
    <ClCompile Include="mprmaker.cpp">
      <Filter>utils\source</Filter>
    </ClCompile>
    <ClCompile Include="widgetmpr.cpp">
      <Filter>qt_widgets\source</Filter>
    </ClCompile>
    <ClCompile Include="toolbarwidgetmpr.cpp">
      <Filter>qt_widgets\source</Filter>
    </ClCompile>
  </ItemGroup>
  <ItemGroup>
    <QtMoc Include="gui.h">
      <Filter>gui\header</Filter>
    </QtMoc>
    <QtMoc Include="layoutmenu.h">
      <Filter>gui\header</Filter>
    </QtMoc>
    <QtMoc Include="filesimporter.h">
      <Filter>utils\header</Filter>
    </QtMoc>
    <QtMoc Include="vtkeventfilter.h">
      <Filter>utils\header</Filter>
    </QtMoc>
    <QtMoc Include="patienttab.h">
      <Filter>thumbnails\header</Filter>
    </QtMoc>
    <QtMoc Include="studylist.h">
      <Filter>thumbnails\header</Filter>
    </QtMoc>
    <QtMoc Include="thumbnailswidget.h">
      <Filter>thumbnails\header</Filter>
    </QtMoc>
    <QtMoc Include="tabwidget.h">
      <Filter>qt_widgets\header</Filter>
    </QtMoc>
    <QtMoc Include="widget2d.h">
      <Filter>qt_widgets\header</Filter>
    </QtMoc>
    <QtMoc Include="widgetbase.h">
      <Filter>qt_widgets\header</Filter>
    </QtMoc>
    <QtMoc Include="widgetscontainer.h">
      <Filter>gui\header</Filter>
    </QtMoc>
    <QtMoc Include="widgetscontroller.h">
      <Filter>widgets_controller\header</Filter>
    </QtMoc>
    <QtMoc Include="guiframe.h">
      <Filter>gui\header</Filter>
    </QtMoc>
    <QtMoc Include="framelesswindow.h">
      <Filter>gui\header</Filter>
    </QtMoc>
    <QtMoc Include="filemenu.h">
      <Filter>gui\header</Filter>
    </QtMoc>
    <QtMoc Include="loadinganimation.h">
      <Filter>gui\header</Filter>
    </QtMoc>
    <QtMoc Include="widget3d.h">
      <Filter>qt_widgets\header</Filter>
    </QtMoc>
    <QtMoc Include="toolbarwidget3d.h">
      <Filter>qt_widgets\header</Filter>
    </QtMoc>
    <QtMoc Include="widgetmpr.h">
      <Filter>qt_widgets\header</Filter>
    </QtMoc>
    <QtMoc Include="toolbarwidgetmpr.h">
      <Filter>qt_widgets\header</Filter>
    </QtMoc>
  </ItemGroup>
  <ItemGroup>
    <QtUic Include="guiframe.ui">
      <Filter>gui\ui</Filter>
    </QtUic>
    <QtUic Include="layoutMenu.ui">
      <Filter>gui\ui</Filter>
    </QtUic>
    <QtUic Include="gui.ui">
      <Filter>gui\ui</Filter>
    </QtUic>
    <QtUic Include="patienttab.ui">
      <Filter>thumbnails\ui</Filter>
    </QtUic>
    <QtUic Include="studylist.ui">
      <Filter>thumbnails\ui</Filter>
    </QtUic>
    <QtUic Include="thumbnailswidget.ui">
      <Filter>thumbnails\ui</Filter>
    </QtUic>
    <QtUic Include="tabwidget.ui">
      <Filter>qt_widgets\ui</Filter>
    </QtUic>
    <QtUic Include="widget2d.ui">
      <Filter>qt_widgets\ui</Filter>
    </QtUic>
    <QtUic Include="widgetscontainer.ui">
      <Filter>gui\ui</Filter>
    </QtUic>
    <QtUic Include="filemenu.ui">
      <Filter>gui\ui</Filter>
    </QtUic>
    <QtUic Include="loadinganimation.ui">
      <Filter>gui\ui</Filter>
    </QtUic>
    <QtUic Include="widget3d.ui">
      <Filter>qt_widgets\ui</Filter>
    </QtUic>
    <QtUic Include="toolbarwidget3d.ui">
      <Filter>qt_widgets\ui</Filter>
    </QtUic>
    <QtUic Include="widgetmpr.ui">
      <Filter>qt_widgets\ui</Filter>
    </QtUic>
    <QtUic Include="toolbarwidgetmpr.ui">
      <Filter>qt_widgets\ui</Filter>
    </QtUic>
  </ItemGroup>
  <ItemGroup>
    <QtRcc Include="gui.qrc">
      <Filter>resources</Filter>
    </QtRcc>
  </ItemGroup>
  <ItemGroup>
    <ClInclude Include="seriesitem.h">
      <Filter>thumbnails\header</Filter>
    </ClInclude>
    <ClInclude Include="widgetsrepository.h">
      <Filter>widgets_repository\header</Filter>
    </ClInclude>
    <ClInclude Include="vtkwidgetbase.h">
      <Filter>vtk_widgets\header</Filter>
    </ClInclude>
    <ClInclude Include="windowlevelfilter.h">
      <Filter>utils\header</Filter>
    </ClInclude>
    <ClInclude Include="vtkwidgetdicom.h">
      <Filter>vtk_widgets\header</Filter>
    </ClInclude>
    <ClInclude Include="vtkwidget2d.h">
      <Filter>vtk_widgets\header</Filter>
    </ClInclude>
    <ClInclude Include="vtkwidgetoverlay.h">
      <Filter>vtk_widgets\header</Filter>
    </ClInclude>
    <ClInclude Include="corneroverlay.h">
      <Filter>utils\header</Filter>
    </ClInclude>
    <ClInclude Include="overlayinfo.h">
      <Filter>utils\header</Filter>
    </ClInclude>
    <ClInclude Include="vtkwidgetoverlaycallback.h">
      <Filter>vtk_widgets\header</Filter>
    </ClInclude>
    <ClInclude Include="vtkwidget2dinteractorstyle.h">
      <Filter>vtk_widgets\header</Filter>
    </ClInclude>
    <ClInclude Include="vtkwidget3dinteractorstyle.h">
      <Filter>vtk_widgets\header</Filter>
    </ClInclude>
    <ClInclude Include="transferfunction.h">
      <Filter>utils\header</Filter>
    </ClInclude>
    <ClInclude Include="vtkwidget3d.h">
      <Filter>vtk_widgets\header</Filter>
    </ClInclude>
    <ClInclude Include="vtkboxwidget3dcallback.h">
      <Filter>vtk_widgets\header</Filter>
    </ClInclude>
    <ClInclude Include="vtkresliceactor.h">
      <Filter>vtk_widgets\header</Filter>
    </ClInclude>
    <ClInclude Include="vtkreslicecallback.h">
      <Filter>vtk_widgets\header</Filter>
    </ClInclude>
    <ClInclude Include="vtkresliceplanecursorwidget.h">
      <Filter>vtk_widgets\header</Filter>
    </ClInclude>
    <ClInclude Include="vtkreslicerotator.h">
      <Filter>vtk_widgets\header</Filter>
    </ClInclude>
    <ClInclude Include="vtkreslicetranslator.h">
      <Filter>vtk_widgets\header</Filter>
    </ClInclude>
    <ClInclude Include="vtkreslicewidget.h">
      <Filter>vtk_widgets\header</Filter>
    </ClInclude>
    <ClInclude Include="vtkreslicewidgetrepresentation.h">
      <Filter>vtk_widgets\header</Filter>
    </ClInclude>
    <ClInclude Include="vtkwidgetmpr.h">
      <Filter>vtk_widgets\header</Filter>
    </ClInclude>
    <ClInclude Include="vtkwidgetmprcallback.h">
      <Filter>vtk_widgets\header</Filter>
    </ClInclude>
    <ClInclude Include="vtkwidgetmprinteractorstyle.h">
      <Filter>vtk_widgets\header</Filter>
    </ClInclude>
    <ClInclude Include="mprmaker.h">
      <Filter>utils\header</Filter>
    </ClInclude>
  </ItemGroup>
  <ItemGroup>
    <None Include="ClassDiagram.cd" />
  </ItemGroup>
</Project>