<?xml version="1.0" encoding="utf-8"?>
<Project ToolsVersion="4.0" xmlns="http://schemas.microsoft.com/developer/msbuild/2003">
  <ItemGroup>
    <Filter Include="Source Files">
      <UniqueIdentifier>{4FC737F1-C7A5-4376-A066-2A32D752A2FF}</UniqueIdentifier>
      <Extensions>cpp;c;cc;cxx;def;odl;idl;hpj;bat;asm;asmx</Extensions>
    </Filter>
    <Filter Include="Header Files">
      <UniqueIdentifier>{93995380-89BD-4b04-88EB-625FBE52EBFB}</UniqueIdentifier>
      <Extensions>h;hh;hpp;hxx;hm;inl;inc;xsd</Extensions>
    </Filter>
    <Filter Include="Resource Files">
      <UniqueIdentifier>{D9D6E242-F8AF-46E4-B9FD-80ECBC20BA3E}</UniqueIdentifier>
      <Extensions>qrc;*</Extensions>
      <ParseFiles>false</ParseFiles>
    </Filter>
    <Filter Include="Form Files">
      <UniqueIdentifier>{99349809-55BA-4b9d-BF79-8FDBB0286EB3}</UniqueIdentifier>
      <Extensions>ui</Extensions>
    </Filter>
    <Filter Include="Resource Files">
      <UniqueIdentifier>{D9D6E242-F8AF-46E4-B9FD-80ECBC20BA3E}</UniqueIdentifier>
      <Extensions>qrc;*</Extensions>
      <ParseFiles>false</ParseFiles>
    </Filter>
    <Filter Include="Header Files\gui">
      <UniqueIdentifier>{adc69a06-dc57-4fe5-a114-0b8600f28175}</UniqueIdentifier>
    </Filter>
    <Filter Include="Source Files\gui">
      <UniqueIdentifier>{161f66cf-cb9b-4980-ad5e-50ceb04438dd}</UniqueIdentifier>
    </Filter>
    <Filter Include="Header Files\thumbnails">
      <UniqueIdentifier>{27c8ed49-6295-4ff2-b5cf-9261691c09df}</UniqueIdentifier>
    </Filter>
    <Filter Include="Source Files\thumbnails">
      <UniqueIdentifier>{4e54f000-d6cc-4bd3-80e3-e3c29e0816e4}</UniqueIdentifier>
    </Filter>
    <Filter Include="Header Files\files_importer">
      <UniqueIdentifier>{c75deec9-d088-4aec-b121-1be65e51ef8d}</UniqueIdentifier>
    </Filter>
    <Filter Include="Header Files\frameless_helper">
      <UniqueIdentifier>{eb0f6b6e-f8f6-4301-bbbb-bdfd7c1362ab}</UniqueIdentifier>
    </Filter>
    <Filter Include="Source Files\frameless_helper">
      <UniqueIdentifier>{bc636df1-ff14-491d-97c0-190e87182ca6}</UniqueIdentifier>
    </Filter>
    <Filter Include="Source Files\files_importer">
      <UniqueIdentifier>{4a953e07-1634-463e-bcb1-d361d43eeb45}</UniqueIdentifier>
    </Filter>
    <Filter Include="Header Files\widgets">
      <UniqueIdentifier>{4ae79a58-3a00-4e57-a491-469a994ecc79}</UniqueIdentifier>
    </Filter>
    <Filter Include="Source Files\widgets">
      <UniqueIdentifier>{ff6c9c31-be43-494a-ab5c-29eb300b3a7f}</UniqueIdentifier>
    </Filter>
  </ItemGroup>
  <ItemGroup>
    <ClCompile Include="FramelessHelper.cpp">
      <Filter>Source Files\frameless_helper</Filter>
    </ClCompile>
    <ClCompile Include="NativeWindowFilter.cpp">
      <Filter>Source Files\frameless_helper</Filter>
    </ClCompile>
    <ClCompile Include="NativeWindowHelper.cpp">
      <Filter>Source Files\frameless_helper</Filter>
    </ClCompile>
    <ClCompile Include="WindowFramelessHelper.cpp">
      <Filter>Source Files\frameless_helper</Filter>
    </ClCompile>
    <ClCompile Include="buttonswidget.cpp">
      <Filter>Source Files\gui</Filter>
    </ClCompile>
    <ClCompile Include="gui.cpp">
      <Filter>Source Files\gui</Filter>
    </ClCompile>
    <ClCompile Include="guiframe.cpp">
      <Filter>Source Files\gui</Filter>
    </ClCompile>
    <ClCompile Include="layoutmenu.cpp">
      <Filter>Source Files\gui</Filter>
    </ClCompile>
    <ClCompile Include="patienttab.cpp">
      <Filter>Source Files\thumbnails</Filter>
    </ClCompile>
    <ClCompile Include="studylist.cpp">
      <Filter>Source Files\thumbnails</Filter>
    </ClCompile>
    <ClCompile Include="thumbnailswidget.cpp">
      <Filter>Source Files\thumbnails</Filter>
    </ClCompile>
    <ClCompile Include="main.cpp" />
    <ClCompile Include="filesimporter.cpp">
      <Filter>Source Files\files_importer</Filter>
    </ClCompile>
    <ClCompile Include="vtkeventfilter.cpp">
      <Filter>Source Files\widgets</Filter>
    </ClCompile>
    <ClCompile Include="tabwidget.cpp">
      <Filter>Source Files\widgets</Filter>
    </ClCompile>
    <ClCompile Include="widgetbase.cpp">
      <Filter>Source Files\widgets</Filter>
    </ClCompile>
    <ClCompile Include="widget2d.cpp">
      <Filter>Source Files</Filter>
    </ClCompile>
  </ItemGroup>
  <ItemGroup>
    <QtMoc Include="FramelessHelper.h">
      <Filter>Header Files\frameless_helper</Filter>
    </QtMoc>
    <QtMoc Include="NativeWindowHelper.h">
      <Filter>Header Files\frameless_helper</Filter>
    </QtMoc>
    <QtMoc Include="WindowFramelessHelper.h">
      <Filter>Header Files\frameless_helper</Filter>
    </QtMoc>
    <QtMoc Include="gui.h">
      <Filter>Header Files\gui</Filter>
    </QtMoc>
    <QtMoc Include="buttonswidget.h">
      <Filter>Header Files\gui</Filter>
    </QtMoc>
    <QtMoc Include="guiframe.h">
      <Filter>Header Files\gui</Filter>
    </QtMoc>
    <QtMoc Include="layoutmenu.h">
      <Filter>Header Files\gui</Filter>
    </QtMoc>
    <QtMoc Include="thumbnailswidget.h">
      <Filter>Header Files\thumbnails</Filter>
    </QtMoc>
    <QtMoc Include="patienttab.h">
      <Filter>Header Files\thumbnails</Filter>
    </QtMoc>
    <QtMoc Include="studylist.h">
      <Filter>Header Files\thumbnails</Filter>
    </QtMoc>
    <QtMoc Include="filesimporter.h">
      <Filter>Header Files\files_importer</Filter>
    </QtMoc>
    <QtMoc Include="vtkeventfilter.h">
      <Filter>Header Files\widgets</Filter>
    </QtMoc>
    <QtMoc Include="tabwidget.h">
      <Filter>Header Files\widgets</Filter>
    </QtMoc>
    <QtMoc Include="widgetbase.h">
      <Filter>Header Files\widgets</Filter>
    </QtMoc>
    <QtMoc Include="widget2d.h">
      <Filter>Header Files</Filter>
    </QtMoc>
  </ItemGroup>
  <ItemGroup>
    <QtUic Include="gui.ui">
      <Filter>Form Files</Filter>
    </QtUic>
    <QtUic Include="layoutMenu.ui">
      <Filter>Form Files</Filter>
    </QtUic>
    <QtUic Include="thumbnailswidget.ui">
      <Filter>Form Files</Filter>
    </QtUic>
    <QtUic Include="patienttab.ui">
      <Filter>Form Files</Filter>
    </QtUic>
    <QtUic Include="studylist.ui">
      <Filter>Form Files</Filter>
    </QtUic>
    <QtUic Include="guiframe.ui">
      <Filter>Form Files</Filter>
    </QtUic>
    <QtUic Include="buttonswidget.ui">
      <Filter>Form Files</Filter>
    </QtUic>
    <QtUic Include="tabwidget.ui">
      <Filter>Form Files</Filter>
    </QtUic>
    <QtUic Include="widget2d.ui">
      <Filter>Form Files</Filter>
    </QtUic>
  </ItemGroup>
  <ItemGroup>
    <QtRcc Include="gui.qrc">
      <Filter>Resource Files</Filter>
    </QtRcc>
  </ItemGroup>
  <ItemGroup>
    <ClInclude Include="FramelessHelper_p.h">
      <Filter>Header Files\frameless_helper</Filter>
    </ClInclude>
    <ClInclude Include="NativeWindowFilter.h">
      <Filter>Header Files\frameless_helper</Filter>
    </ClInclude>
    <ClInclude Include="NativeWindowFilter_p.h">
      <Filter>Header Files\frameless_helper</Filter>
    </ClInclude>
    <ClInclude Include="NativeWindowHelper_p.h">
      <Filter>Header Files\frameless_helper</Filter>
    </ClInclude>
    <ClInclude Include="WindowFramelessHelper_p.h">
      <Filter>Header Files\frameless_helper</Filter>
    </ClInclude>
    <ClInclude Include="seriesitem.h">
      <Filter>Header Files\thumbnails</Filter>
    </ClInclude>
  </ItemGroup>
</Project>