<?xml version="1.0" encoding="utf-8"?>
<Project ToolsVersion="4.0" xmlns="http://schemas.microsoft.com/developer/msbuild/2003">
  <ItemGroup>
    <Filter Include="utils">
      <UniqueIdentifier>{a3b5d25b-958c-4e4a-a14d-0da1e4ae7abc}</UniqueIdentifier>
    </Filter>
    <Filter Include="utils\header">
      <UniqueIdentifier>{e2b6b025-0b55-4461-bb82-2d388246db73}</UniqueIdentifier>
    </Filter>
    <Filter Include="utils\source">
      <UniqueIdentifier>{dd4a7a19-9950-4bad-b857-847d6413350c}</UniqueIdentifier>
    </Filter>
    <Filter Include="model">
      <UniqueIdentifier>{f783f809-7ade-4f9d-8c4e-ec5b7a7ec18d}</UniqueIdentifier>
    </Filter>
    <Filter Include="model\source">
      <UniqueIdentifier>{0b7416ff-34b0-466e-8fc0-992d1f924bdd}</UniqueIdentifier>
    </Filter>
    <Filter Include="model\header">
      <UniqueIdentifier>{27a928a4-6aa1-4881-8ab9-eb6d08da49de}</UniqueIdentifier>
    </Filter>
    <Filter Include="repository">
      <UniqueIdentifier>{91b39f40-5c11-4b0e-a8f6-98f3cc5844ce}</UniqueIdentifier>
    </Filter>
    <Filter Include="repository\header">
      <UniqueIdentifier>{336659b9-05b9-4e12-a286-a7837e8c7bca}</UniqueIdentifier>
    </Filter>
    <Filter Include="repository\source">
      <UniqueIdentifier>{f86c795e-685b-4ee6-a1d7-f2aa7a7dbdb5}</UniqueIdentifier>
    </Filter>
    <Filter Include="controller">
      <UniqueIdentifier>{9916ee40-4532-4ea5-9d11-1030d38544e6}</UniqueIdentifier>
    </Filter>
    <Filter Include="controller\source">
      <UniqueIdentifier>{c24c81c2-d84a-481e-9c94-50669981c1c9}</UniqueIdentifier>
    </Filter>
    <Filter Include="controller\header">
      <UniqueIdentifier>{a2cc536f-c3ce-4b5e-88d3-db290b649d33}</UniqueIdentifier>
    </Filter>
  </ItemGroup>
  <ItemGroup>
    <ClCompile Include="dicomreader.cpp">
      <Filter>utils\source</Filter>
    </ClCompile>
    <ClCompile Include="smartdjdecoderregistration.cpp">
      <Filter>utils\source</Filter>
    </ClCompile>
    <ClCompile Include="image.cpp">
      <Filter>model\source</Filter>
    </ClCompile>
    <ClCompile Include="patient.cpp">
      <Filter>model\source</Filter>
    </ClCompile>
    <ClCompile Include="series.cpp">
      <Filter>model\source</Filter>
    </ClCompile>
    <ClCompile Include="study.cpp">
      <Filter>model\source</Filter>
    </ClCompile>
    <ClCompile Include="corerepository.cpp">
      <Filter>repository\source</Filter>
    </ClCompile>
    <ClCompile Include="corecontroller.cpp">
      <Filter>controller\source</Filter>
    </ClCompile>
    <ClCompile Include="utils.cpp">
      <Filter>utils\source</Filter>
    </ClCompile>
  </ItemGroup>
  <ItemGroup>
    <ClInclude Include="dicomreader.h">
      <Filter>utils\header</Filter>
    </ClInclude>
    <ClInclude Include="smartdjdecoderregistration.h">
      <Filter>utils\header</Filter>
    </ClInclude>
    <ClInclude Include="utils.h">
      <Filter>utils\header</Filter>
    </ClInclude>
    <ClInclude Include="image.h">
      <Filter>model\header</Filter>
    </ClInclude>
    <ClInclude Include="patient.h">
      <Filter>model\header</Filter>
    </ClInclude>
    <ClInclude Include="series.h">
      <Filter>model\header</Filter>
    </ClInclude>
    <ClInclude Include="study.h">
      <Filter>model\header</Filter>
    </ClInclude>
    <ClInclude Include="corerepository.h">
      <Filter>repository\header</Filter>
    </ClInclude>
    <ClInclude Include="corecontroller.h">
      <Filter>controller\header</Filter>
    </ClInclude>
  </ItemGroup>
</Project>