<?xml version="1.0" encoding="utf-8"?>
<Project ToolsVersion="4.0" xmlns="http://schemas.microsoft.com/developer/msbuild/2003">
  <ItemGroup>
    <Filter Include="Source Files">
      <UniqueIdentifier>{4FC737F1-C7A5-4376-A066-2A32D752A2FF}</UniqueIdentifier>
      <Extensions>cpp;c;cc;cxx;def;odl;idl;hpj;bat;asm;asmx</Extensions>
    </Filter>
    <Filter Include="Source Files\model">
      <UniqueIdentifier>{a30b8043-f52a-4498-afc0-e6a636d36df3}</UniqueIdentifier>
    </Filter>
    <Filter Include="Header Files">
      <UniqueIdentifier>{bbb5a372-cee1-4450-9e72-d5a6568c68f6}</UniqueIdentifier>
    </Filter>
    <Filter Include="Header Files\model">
      <UniqueIdentifier>{d05043fb-48f0-42a4-be72-a0908a1a86cd}</UniqueIdentifier>
    </Filter>
    <Filter Include="Header Files\repository">
      <UniqueIdentifier>{a8790f0c-7068-4d4e-8d8a-22f1358e35cc}</UniqueIdentifier>
    </Filter>
    <Filter Include="Source Files\repository">
      <UniqueIdentifier>{beea5092-88ee-458f-bd16-34750c54bf7f}</UniqueIdentifier>
    </Filter>
    <Filter Include="Source Files\controller">
      <UniqueIdentifier>{12b5304e-e988-4cba-ade8-4e1f8426a30f}</UniqueIdentifier>
    </Filter>
    <Filter Include="Header Files\controller">
      <UniqueIdentifier>{a89ecd0b-da42-488e-aed1-d3afa6522918}</UniqueIdentifier>
    </Filter>
    <Filter Include="Header Files\utils">
      <UniqueIdentifier>{e159b2c7-f9c4-4f48-b95a-23f05ba2971c}</UniqueIdentifier>
    </Filter>
    <Filter Include="Source Files\utils">
      <UniqueIdentifier>{b1ebffcf-2f14-4b82-a1db-78ba3557eac4}</UniqueIdentifier>
    </Filter>
  </ItemGroup>
  <ItemGroup>
    <ClCompile Include="image.cpp">
      <Filter>Source Files\model</Filter>
    </ClCompile>
    <ClCompile Include="patient.cpp">
      <Filter>Source Files\model</Filter>
    </ClCompile>
    <ClCompile Include="series.cpp">
      <Filter>Source Files\model</Filter>
    </ClCompile>
    <ClCompile Include="study.cpp">
      <Filter>Source Files\model</Filter>
    </ClCompile>
    <ClCompile Include="corerepository.cpp">
      <Filter>Source Files\repository</Filter>
    </ClCompile>
    <ClCompile Include="corecontroller.cpp">
      <Filter>Source Files\controller</Filter>
    </ClCompile>
    <ClCompile Include="dicomreader.cpp">
      <Filter>Source Files\utils</Filter>
    </ClCompile>
    <ClCompile Include="smartdjdecoderregistration.cpp">
      <Filter>Source Files\utils</Filter>
    </ClCompile>
  </ItemGroup>
  <ItemGroup>
    <ClInclude Include="image.h">
      <Filter>Header Files\model</Filter>
    </ClInclude>
    <ClInclude Include="patient.h">
      <Filter>Header Files\model</Filter>
    </ClInclude>
    <ClInclude Include="series.h">
      <Filter>Header Files\model</Filter>
    </ClInclude>
    <ClInclude Include="study.h">
      <Filter>Header Files\model</Filter>
    </ClInclude>
    <ClInclude Include="corerepository.h">
      <Filter>Header Files\repository</Filter>
    </ClInclude>
    <ClInclude Include="corecontroller.h">
      <Filter>Header Files\controller</Filter>
    </ClInclude>
    <ClInclude Include="dicomreader.h">
      <Filter>Header Files\utils</Filter>
    </ClInclude>
    <ClInclude Include="utils.h">
      <Filter>Header Files\utils</Filter>
    </ClInclude>
    <ClInclude Include="smartdjdecoderregistration.h">
      <Filter>Header Files\utils</Filter>
    </ClInclude>
  </ItemGroup>
</Project>