
Microsoft Visual Studio Solution File, Format Version 12.00
# Visual Studio Version 16
VisualStudioVersion = 16.0.30309.148
MinimumVisualStudioVersion = 10.0.40219.1
Project("{8BC9CEB8-8B4A-11D0-8D11-00A0C91BC942}") = "gui", "gui\gui.vcxproj", "{3E032935-879A-4C6E-AC66-EE8D8969B79B}"
EndProject
Global
	GlobalSection(SolutionConfigurationPlatforms) = preSolution
		Debug|x64 = Debug|x64
		Debug|x86 = Debug|x86
		Release|x64 = Release|x64
		Release|x86 = Release|x86
	EndGlobalSection
	GlobalSection(ProjectConfigurationPlatforms) = postSolution
		{3E032935-879A-4C6E-AC66-EE8D8969B79B}.Debug|x64.ActiveCfg = Debug|x64
		{3E032935-879A-4C6E-AC66-EE8D8969B79B}.Debug|x64.Build.0 = Debug|x64
		{3E032935-879A-4C6E-AC66-EE8D8969B79B}.Debug|x86.ActiveCfg = Debug|x64
		{3E032935-879A-4C6E-AC66-EE8D8969B79B}.Release|x64.ActiveCfg = Release|x64
		{3E032935-879A-4C6E-AC66-EE8D8969B79B}.Release|x64.Build.0 = Release|x64
		{3E032935-879A-4C6E-AC66-EE8D8969B79B}.Release|x86.ActiveCfg = Release|x64
	EndGlobalSection
	GlobalSection(SolutionProperties) = preSolution
		HideSolutionNode = FALSE
	EndGlobalSection
	GlobalSection(ExtensibilityGlobals) = postSolution
		SolutionGuid = {0850F2AD-624B-4491-920C-027DFDFD2828}
	EndGlobalSection
EndGlobal
